lockfileVersion: 5.4

specifiers:
  assemblyscript: ^0.27.35

devDependencies:
  assemblyscript: 0.27.35

packages:

  /assemblyscript/0.27.35:
    resolution: {integrity: sha512-aAhrje38eLG7IWvF4jbKUeUcPAfE91gVPBcgcS/ZoNWLD3AjdZUyDNTmEajK2xDlq0vAn5ZiSIdNyHFPfE5JiQ==}
    engines: {node: '>=18', npm: '>=10'}
    hasBin: true
    dependencies:
      binaryen: 116.0.0-nightly.20240114
      long: 5.3.1
    dev: true

  /binaryen/116.0.0-nightly.20240114:
    resolution: {integrity: sha512-0GZrojJnuhoe+hiwji7QFaL3tBlJoA+KFUN7ouYSDGZLSo9CKM8swQX8n/UcbR0d1VuZKU+nhogNzv423JEu5A==}
    hasBin: true
    dev: true

  /long/5.3.1:
    resolution: {integrity: sha512-ka87Jz3gcx/I7Hal94xaN2tZEOPoUOEVftkQqZx2EeQRN7LGdfLlI3FvZ+7WDplm+vK2Urx9ULrvSowtdCieng==}
    dev: true
